
Microsoft Visual Studio Solution File, Format Version 11.00
# Visual Studio 2010
Project("{FAE04EC0-301F-11D3-BF4B-00C04F79EFBC}") = "Oculus.Platform", "Oculus.Platform.csproj", "{c87cb9d3-14ba-3838-8b31-420a9700317d}"
EndProject
Project("{FAE04EC0-301F-11D3-BF4B-00C04F79EFBC}") = "Assembly-CSharp", "Assembly-CSharp.csproj", "{713e937f-e1c5-b004-01f7-84c539e2d06d}"
EndProject
Project("{FAE04EC0-301F-11D3-BF4B-00C04F79EFBC}") = "Oculus.Spatializer", "Oculus.Spatializer.csproj", "{0a3a1502-5b51-d30c-d172-e4621b785512}"
EndProject
Project("{FAE04EC0-301F-11D3-BF4B-00C04F79EFBC}") = "Oculus.AudioManager", "Oculus.AudioManager.csproj", "{b12968d6-0943-a114-326c-a33a3977d28d}"
EndProject
Project("{FAE04EC0-301F-11D3-BF4B-00C04F79EFBC}") = "Oculus.VR", "Oculus.VR.csproj", "{60bf0ea3-6c72-96c5-d6eb-03a8370272f3}"
EndProject
Project("{FAE04EC0-301F-11D3-BF4B-00C04F79EFBC}") = "Oculus.LipSync", "Oculus.LipSync.csproj", "{1f982297-7c0e-e31e-16e8-e146dee0c3ba}"
EndProject
Project("{FAE04EC0-301F-11D3-BF4B-00C04F79EFBC}") = "Oculus.Platform.Editor", "Oculus.Platform.Editor.csproj", "{62866cb9-8f03-07ef-c89c-bbf0bf1392cb}"
EndProject
Project("{FAE04EC0-301F-11D3-BF4B-00C04F79EFBC}") = "Oculus.AudioManager.Audio.Editor", "Oculus.AudioManager.Audio.Editor.csproj", "{ae479e97-7eb3-5af5-59a1-0164df871254}"
EndProject
Project("{FAE04EC0-301F-11D3-BF4B-00C04F79EFBC}") = "Oculus.VR.Scripts.Editor", "Oculus.VR.Scripts.Editor.csproj", "{a69360d6-54b5-15fd-a495-3f617f17b75a}"
EndProject
Project("{FAE04EC0-301F-11D3-BF4B-00C04F79EFBC}") = "Oculus.Spatializer.Editor", "Oculus.Spatializer.Editor.csproj", "{1ff5f020-372d-b25d-dcbe-de29014e2031}"
EndProject
Project("{FAE04EC0-301F-11D3-BF4B-00C04F79EFBC}") = "Oculus.VR.Editor", "Oculus.VR.Editor.csproj", "{be228ab7-e84e-a9fd-06ff-17b89982827f}"
EndProject
Project("{FAE04EC0-301F-11D3-BF4B-00C04F79EFBC}") = "Oculus.LipSync.Editor", "Oculus.LipSync.Editor.csproj", "{35eb14a3-a8db-e137-6d52-12027c1c04cb}"
EndProject
Project("{FAE04EC0-301F-11D3-BF4B-00C04F79EFBC}") = "Assembly-CSharp-Editor", "Assembly-CSharp-Editor.csproj", "{96c8665c-d0fe-5c67-9a19-44381107ef97}"
EndProject
Project("{FAE04EC0-301F-11D3-BF4B-00C04F79EFBC}") = "Oculus.AudioManager.Utils.Editor", "Oculus.AudioManager.Utils.Editor.csproj", "{5a3e2a99-34c3-14a9-f680-d811894359e0}"
EndProject
Project("{FAE04EC0-301F-11D3-BF4B-00C04F79EFBC}") = "Assembly-CSharp-firstpass", "Assembly-CSharp-firstpass.csproj", "{7a960dbd-8e91-0798-dd65-a81b9dd8193e}"
EndProject
Global
	GlobalSection(SolutionConfigurationPlatforms) = preSolution
		Debug|Any CPU = Debug|Any CPU
	EndGlobalSection
	GlobalSection(ProjectConfigurationPlatforms) = postSolution
		{c87cb9d3-14ba-3838-8b31-420a9700317d}.Debug|Any CPU.ActiveCfg = Debug|Any CPU
		{c87cb9d3-14ba-3838-8b31-420a9700317d}.Debug|Any CPU.Build.0 = Debug|Any CPU
		{713e937f-e1c5-b004-01f7-84c539e2d06d}.Debug|Any CPU.ActiveCfg = Debug|Any CPU
		{713e937f-e1c5-b004-01f7-84c539e2d06d}.Debug|Any CPU.Build.0 = Debug|Any CPU
		{0a3a1502-5b51-d30c-d172-e4621b785512}.Debug|Any CPU.ActiveCfg = Debug|Any CPU
		{0a3a1502-5b51-d30c-d172-e4621b785512}.Debug|Any CPU.Build.0 = Debug|Any CPU
		{b12968d6-0943-a114-326c-a33a3977d28d}.Debug|Any CPU.ActiveCfg = Debug|Any CPU
		{b12968d6-0943-a114-326c-a33a3977d28d}.Debug|Any CPU.Build.0 = Debug|Any CPU
		{60bf0ea3-6c72-96c5-d6eb-03a8370272f3}.Debug|Any CPU.ActiveCfg = Debug|Any CPU
		{60bf0ea3-6c72-96c5-d6eb-03a8370272f3}.Debug|Any CPU.Build.0 = Debug|Any CPU
		{1f982297-7c0e-e31e-16e8-e146dee0c3ba}.Debug|Any CPU.ActiveCfg = Debug|Any CPU
		{1f982297-7c0e-e31e-16e8-e146dee0c3ba}.Debug|Any CPU.Build.0 = Debug|Any CPU
		{62866cb9-8f03-07ef-c89c-bbf0bf1392cb}.Debug|Any CPU.ActiveCfg = Debug|Any CPU
		{62866cb9-8f03-07ef-c89c-bbf0bf1392cb}.Debug|Any CPU.Build.0 = Debug|Any CPU
		{ae479e97-7eb3-5af5-59a1-0164df871254}.Debug|Any CPU.ActiveCfg = Debug|Any CPU
		{ae479e97-7eb3-5af5-59a1-0164df871254}.Debug|Any CPU.Build.0 = Debug|Any CPU
		{a69360d6-54b5-15fd-a495-3f617f17b75a}.Debug|Any CPU.ActiveCfg = Debug|Any CPU
		{a69360d6-54b5-15fd-a495-3f617f17b75a}.Debug|Any CPU.Build.0 = Debug|Any CPU
		{1ff5f020-372d-b25d-dcbe-de29014e2031}.Debug|Any CPU.ActiveCfg = Debug|Any CPU
		{1ff5f020-372d-b25d-dcbe-de29014e2031}.Debug|Any CPU.Build.0 = Debug|Any CPU
		{be228ab7-e84e-a9fd-06ff-17b89982827f}.Debug|Any CPU.ActiveCfg = Debug|Any CPU
		{be228ab7-e84e-a9fd-06ff-17b89982827f}.Debug|Any CPU.Build.0 = Debug|Any CPU
		{35eb14a3-a8db-e137-6d52-12027c1c04cb}.Debug|Any CPU.ActiveCfg = Debug|Any CPU
		{35eb14a3-a8db-e137-6d52-12027c1c04cb}.Debug|Any CPU.Build.0 = Debug|Any CPU
		{96c8665c-d0fe-5c67-9a19-44381107ef97}.Debug|Any CPU.ActiveCfg = Debug|Any CPU
		{96c8665c-d0fe-5c67-9a19-44381107ef97}.Debug|Any CPU.Build.0 = Debug|Any CPU
		{5a3e2a99-34c3-14a9-f680-d811894359e0}.Debug|Any CPU.ActiveCfg = Debug|Any CPU
		{5a3e2a99-34c3-14a9-f680-d811894359e0}.Debug|Any CPU.Build.0 = Debug|Any CPU
		{7a960dbd-8e91-0798-dd65-a81b9dd8193e}.Debug|Any CPU.ActiveCfg = Debug|Any CPU
		{7a960dbd-8e91-0798-dd65-a81b9dd8193e}.Debug|Any CPU.Build.0 = Debug|Any CPU
	EndGlobalSection
	GlobalSection(SolutionProperties) = preSolution
		HideSolutionNode = FALSE
	EndGlobalSection
EndGlobal
